version = 2

[[package]]
name = "abla-postgres"
provider = "git"
identity = "github:AndreBaltazar8/abla-postgres"
source = "https://github.com/AndreBaltazar8/abla-postgres.git"
selector-kind = "head"
selector = "HEAD"
revision = "1c16501406ac4b27961f083b7316db323e24c752"
digest = "a11d39e2c0373ee6a585296eb02abc70db7b0b5f"
entry = "src/postgres.ab"

[[package]]
name = "abla-redis"
provider = "git"
identity = "github:AndreBaltazar8/abla-redis"
source = "https://github.com/AndreBaltazar8/abla-redis.git"
selector-kind = "head"
selector = "HEAD"
revision = "4f8617760e6ba5c9f748f5ac055959a1d0a968b6"
digest = "eea5b65c214765cd0d1f30483a8ae88eb100b929"
entry = "src/redis.ab"

[[package]]
name = "abla-nats"
provider = "git"
identity = "github:AndreBaltazar8/abla-nats"
source = "https://github.com/AndreBaltazar8/abla-nats.git"
selector-kind = "head"
selector = "HEAD"
revision = "0ea97523c5897b3d76ed65d5b0262e4b94332193"
digest = "da4597d0e8d7dc2999f2e193e0ddc684a7bcfa50"
entry = "src/nats.ab"
